
Microsoft Visual Studio Solution File, Format Version 12.00
# Visual Studio 15
VisualStudioVersion = 15.0.26730.12
MinimumVisualStudioVersion = 10.0.40219.1
Project("{FAE04EC0-301F-11D3-BF4B-00C04F79EFBC}") = "Foosball", "Foosball\Foosball.csproj", "{50223EFF-1E78-4BBD-B1DD-AC857749C710}"
EndProject
Project("{FAE04EC0-301F-11D3-BF4B-00C04F79EFBC}") = "FoosballTests", "FoosballTests\FoosballTests.csproj", "{AAEE7BD6-0B27-4DF2-B922-D841BF68E2DC}"
EndProject
Project("{FAE04EC0-301F-11D3-BF4B-00C04F79EFBC}") = "FoosballApi", "FoosballApi\FoosballApi.csproj", "{B0460981-0DEC-43CE-B830-AC82E62FD563}"
EndProject
Project("{9A19103F-16F7-4668-BE54-9A1E7A4F7556}") = "FoosballWebsite", "FoosballWebsite\FoosballWebsite.csproj", "{8AC9BCF3-3566-4FBE-B4B9-0014359D2C4C}"
EndProject
Project("{FAE04EC0-301F-11D3-BF4B-00C04F79EFBC}") = "FoosballApp", "..\..\..\..\..\Users\Tomas\source\repos\FoosballApp\FoosballApp\FoosballApp.csproj", "{0216BC30-85D0-45D7-900F-10926B4A078C}"
EndProject
Global
	GlobalSection(SolutionConfigurationPlatforms) = preSolution
		Ad-Hoc|Any CPU = Ad-Hoc|Any CPU
		Ad-Hoc|ARM = Ad-Hoc|ARM
		Ad-Hoc|iPhone = Ad-Hoc|iPhone
		Ad-Hoc|iPhoneSimulator = Ad-Hoc|iPhoneSimulator
		Ad-Hoc|x64 = Ad-Hoc|x64
		Ad-Hoc|x86 = Ad-Hoc|x86
		AppStore|Any CPU = AppStore|Any CPU
		AppStore|ARM = AppStore|ARM
		AppStore|iPhone = AppStore|iPhone
		AppStore|iPhoneSimulator = AppStore|iPhoneSimulator
		AppStore|x64 = AppStore|x64
		AppStore|x86 = AppStore|x86
		Debug|Any CPU = Debug|Any CPU
		Debug|ARM = Debug|ARM
		Debug|iPhone = Debug|iPhone
		Debug|iPhoneSimulator = Debug|iPhoneSimulator
		Debug|x64 = Debug|x64
		Debug|x86 = Debug|x86
		Release|Any CPU = Release|Any CPU
		Release|ARM = Release|ARM
		Release|iPhone = Release|iPhone
		Release|iPhoneSimulator = Release|iPhoneSimulator
		Release|x64 = Release|x64
		Release|x86 = Release|x86
	EndGlobalSection
	GlobalSection(ProjectConfigurationPlatforms) = postSolution
		{50223EFF-1E78-4BBD-B1DD-AC857749C710}.Ad-Hoc|Any CPU.ActiveCfg = Release|Any CPU
		{50223EFF-1E78-4BBD-B1DD-AC857749C710}.Ad-Hoc|Any CPU.Build.0 = Release|Any CPU
		{50223EFF-1E78-4BBD-B1DD-AC857749C710}.Ad-Hoc|ARM.ActiveCfg = Debug|Any CPU
		{50223EFF-1E78-4BBD-B1DD-AC857749C710}.Ad-Hoc|ARM.Build.0 = Debug|Any CPU
		{50223EFF-1E78-4BBD-B1DD-AC857749C710}.Ad-Hoc|iPhone.ActiveCfg = Release|Any CPU
		{50223EFF-1E78-4BBD-B1DD-AC857749C710}.Ad-Hoc|iPhone.Build.0 = Release|Any CPU
		{50223EFF-1E78-4BBD-B1DD-AC857749C710}.Ad-Hoc|iPhoneSimulator.ActiveCfg = Release|Any CPU
		{50223EFF-1E78-4BBD-B1DD-AC857749C710}.Ad-Hoc|iPhoneSimulator.Build.0 = Release|Any CPU
		{50223EFF-1E78-4BBD-B1DD-AC857749C710}.Ad-Hoc|x64.ActiveCfg = Debug|Any CPU
		{50223EFF-1E78-4BBD-B1DD-AC857749C710}.Ad-Hoc|x64.Build.0 = Debug|Any CPU
		{50223EFF-1E78-4BBD-B1DD-AC857749C710}.Ad-Hoc|x86.ActiveCfg = Debug|Any CPU
		{50223EFF-1E78-4BBD-B1DD-AC857749C710}.Ad-Hoc|x86.Build.0 = Debug|Any CPU
		{50223EFF-1E78-4BBD-B1DD-AC857749C710}.AppStore|Any CPU.ActiveCfg = Release|Any CPU
		{50223EFF-1E78-4BBD-B1DD-AC857749C710}.AppStore|Any CPU.Build.0 = Release|Any CPU
		{50223EFF-1E78-4BBD-B1DD-AC857749C710}.AppStore|ARM.ActiveCfg = Debug|Any CPU
		{50223EFF-1E78-4BBD-B1DD-AC857749C710}.AppStore|ARM.Build.0 = Debug|Any CPU
		{50223EFF-1E78-4BBD-B1DD-AC857749C710}.AppStore|iPhone.ActiveCfg = Release|Any CPU
		{50223EFF-1E78-4BBD-B1DD-AC857749C710}.AppStore|iPhone.Build.0 = Release|Any CPU
		{50223EFF-1E78-4BBD-B1DD-AC857749C710}.AppStore|iPhoneSimulator.ActiveCfg = Release|Any CPU
		{50223EFF-1E78-4BBD-B1DD-AC857749C710}.AppStore|iPhoneSimulator.Build.0 = Release|Any CPU
		{50223EFF-1E78-4BBD-B1DD-AC857749C710}.AppStore|x64.ActiveCfg = Debug|Any CPU
		{50223EFF-1E78-4BBD-B1DD-AC857749C710}.AppStore|x64.Build.0 = Debug|Any CPU
		{50223EFF-1E78-4BBD-B1DD-AC857749C710}.AppStore|x86.ActiveCfg = Debug|Any CPU
		{50223EFF-1E78-4BBD-B1DD-AC857749C710}.AppStore|x86.Build.0 = Debug|Any CPU
		{50223EFF-1E78-4BBD-B1DD-AC857749C710}.Debug|Any CPU.ActiveCfg = Debug|Any CPU
		{50223EFF-1E78-4BBD-B1DD-AC857749C710}.Debug|Any CPU.Build.0 = Debug|Any CPU
		{50223EFF-1E78-4BBD-B1DD-AC857749C710}.Debug|ARM.ActiveCfg = Debug|Any CPU
		{50223EFF-1E78-4BBD-B1DD-AC857749C710}.Debug|ARM.Build.0 = Debug|Any CPU
		{50223EFF-1E78-4BBD-B1DD-AC857749C710}.Debug|iPhone.ActiveCfg = Debug|Any CPU
		{50223EFF-1E78-4BBD-B1DD-AC857749C710}.Debug|iPhone.Build.0 = Debug|Any CPU
		{50223EFF-1E78-4BBD-B1DD-AC857749C710}.Debug|iPhoneSimulator.ActiveCfg = Debug|Any CPU
		{50223EFF-1E78-4BBD-B1DD-AC857749C710}.Debug|iPhoneSimulator.Build.0 = Debug|Any CPU
		{50223EFF-1E78-4BBD-B1DD-AC857749C710}.Debug|x64.ActiveCfg = Debug|Any CPU
		{50223EFF-1E78-4BBD-B1DD-AC857749C710}.Debug|x64.Build.0 = Debug|Any CPU
		{50223EFF-1E78-4BBD-B1DD-AC857749C710}.Debug|x86.ActiveCfg = Debug|Any CPU
		{50223EFF-1E78-4BBD-B1DD-AC857749C710}.Debug|x86.Build.0 = Debug|Any CPU
		{50223EFF-1E78-4BBD-B1DD-AC857749C710}.Release|Any CPU.ActiveCfg = Release|Any CPU
		{50223EFF-1E78-4BBD-B1DD-AC857749C710}.Release|Any CPU.Build.0 = Release|Any CPU
		{50223EFF-1E78-4BBD-B1DD-AC857749C710}.Release|ARM.ActiveCfg = Release|Any CPU
		{50223EFF-1E78-4BBD-B1DD-AC857749C710}.Release|ARM.Build.0 = Release|Any CPU
		{50223EFF-1E78-4BBD-B1DD-AC857749C710}.Release|iPhone.ActiveCfg = Release|Any CPU
		{50223EFF-1E78-4BBD-B1DD-AC857749C710}.Release|iPhone.Build.0 = Release|Any CPU
		{50223EFF-1E78-4BBD-B1DD-AC857749C710}.Release|iPhoneSimulator.ActiveCfg = Release|Any CPU
		{50223EFF-1E78-4BBD-B1DD-AC857749C710}.Release|iPhoneSimulator.Build.0 = Release|Any CPU
		{50223EFF-1E78-4BBD-B1DD-AC857749C710}.Release|x64.ActiveCfg = Release|Any CPU
		{50223EFF-1E78-4BBD-B1DD-AC857749C710}.Release|x64.Build.0 = Release|Any CPU
		{50223EFF-1E78-4BBD-B1DD-AC857749C710}.Release|x86.ActiveCfg = Release|Any CPU
		{50223EFF-1E78-4BBD-B1DD-AC857749C710}.Release|x86.Build.0 = Release|Any CPU
		{AAEE7BD6-0B27-4DF2-B922-D841BF68E2DC}.Ad-Hoc|Any CPU.ActiveCfg = Release|Any CPU
		{AAEE7BD6-0B27-4DF2-B922-D841BF68E2DC}.Ad-Hoc|Any CPU.Build.0 = Release|Any CPU
		{AAEE7BD6-0B27-4DF2-B922-D841BF68E2DC}.Ad-Hoc|ARM.ActiveCfg = Debug|Any CPU
		{AAEE7BD6-0B27-4DF2-B922-D841BF68E2DC}.Ad-Hoc|ARM.Build.0 = Debug|Any CPU
		{AAEE7BD6-0B27-4DF2-B922-D841BF68E2DC}.Ad-Hoc|iPhone.ActiveCfg = Release|Any CPU
		{AAEE7BD6-0B27-4DF2-B922-D841BF68E2DC}.Ad-Hoc|iPhone.Build.0 = Release|Any CPU
		{AAEE7BD6-0B27-4DF2-B922-D841BF68E2DC}.Ad-Hoc|iPhoneSimulator.ActiveCfg = Release|Any CPU
		{AAEE7BD6-0B27-4DF2-B922-D841BF68E2DC}.Ad-Hoc|iPhoneSimulator.Build.0 = Release|Any CPU
		{AAEE7BD6-0B27-4DF2-B922-D841BF68E2DC}.Ad-Hoc|x64.ActiveCfg = Debug|Any CPU
		{AAEE7BD6-0B27-4DF2-B922-D841BF68E2DC}.Ad-Hoc|x64.Build.0 = Debug|Any CPU
		{AAEE7BD6-0B27-4DF2-B922-D841BF68E2DC}.Ad-Hoc|x86.ActiveCfg = Debug|Any CPU
		{AAEE7BD6-0B27-4DF2-B922-D841BF68E2DC}.Ad-Hoc|x86.Build.0 = Debug|Any CPU
		{AAEE7BD6-0B27-4DF2-B922-D841BF68E2DC}.AppStore|Any CPU.ActiveCfg = Release|Any CPU
		{AAEE7BD6-0B27-4DF2-B922-D841BF68E2DC}.AppStore|Any CPU.Build.0 = Release|Any CPU
		{AAEE7BD6-0B27-4DF2-B922-D841BF68E2DC}.AppStore|ARM.ActiveCfg = Debug|Any CPU
		{AAEE7BD6-0B27-4DF2-B922-D841BF68E2DC}.AppStore|ARM.Build.0 = Debug|Any CPU
		{AAEE7BD6-0B27-4DF2-B922-D841BF68E2DC}.AppStore|iPhone.ActiveCfg = Release|Any CPU
		{AAEE7BD6-0B27-4DF2-B922-D841BF68E2DC}.AppStore|iPhone.Build.0 = Release|Any CPU
		{AAEE7BD6-0B27-4DF2-B922-D841BF68E2DC}.AppStore|iPhoneSimulator.ActiveCfg = Release|Any CPU
		{AAEE7BD6-0B27-4DF2-B922-D841BF68E2DC}.AppStore|iPhoneSimulator.Build.0 = Release|Any CPU
		{AAEE7BD6-0B27-4DF2-B922-D841BF68E2DC}.AppStore|x64.ActiveCfg = Debug|Any CPU
		{AAEE7BD6-0B27-4DF2-B922-D841BF68E2DC}.AppStore|x64.Build.0 = Debug|Any CPU
		{AAEE7BD6-0B27-4DF2-B922-D841BF68E2DC}.AppStore|x86.ActiveCfg = Debug|Any CPU
		{AAEE7BD6-0B27-4DF2-B922-D841BF68E2DC}.AppStore|x86.Build.0 = Debug|Any CPU
		{AAEE7BD6-0B27-4DF2-B922-D841BF68E2DC}.Debug|Any CPU.ActiveCfg = Debug|Any CPU
		{AAEE7BD6-0B27-4DF2-B922-D841BF68E2DC}.Debug|Any CPU.Build.0 = Debug|Any CPU
		{AAEE7BD6-0B27-4DF2-B922-D841BF68E2DC}.Debug|ARM.ActiveCfg = Debug|Any CPU
		{AAEE7BD6-0B27-4DF2-B922-D841BF68E2DC}.Debug|ARM.Build.0 = Debug|Any CPU
		{AAEE7BD6-0B27-4DF2-B922-D841BF68E2DC}.Debug|iPhone.ActiveCfg = Debug|Any CPU
		{AAEE7BD6-0B27-4DF2-B922-D841BF68E2DC}.Debug|iPhone.Build.0 = Debug|Any CPU
		{AAEE7BD6-0B27-4DF2-B922-D841BF68E2DC}.Debug|iPhoneSimulator.ActiveCfg = Debug|Any CPU
		{AAEE7BD6-0B27-4DF2-B922-D841BF68E2DC}.Debug|iPhoneSimulator.Build.0 = Debug|Any CPU
		{AAEE7BD6-0B27-4DF2-B922-D841BF68E2DC}.Debug|x64.ActiveCfg = Debug|Any CPU
		{AAEE7BD6-0B27-4DF2-B922-D841BF68E2DC}.Debug|x64.Build.0 = Debug|Any CPU
		{AAEE7BD6-0B27-4DF2-B922-D841BF68E2DC}.Debug|x86.ActiveCfg = Debug|Any CPU
		{AAEE7BD6-0B27-4DF2-B922-D841BF68E2DC}.Debug|x86.Build.0 = Debug|Any CPU
		{AAEE7BD6-0B27-4DF2-B922-D841BF68E2DC}.Release|Any CPU.ActiveCfg = Release|Any CPU
		{AAEE7BD6-0B27-4DF2-B922-D841BF68E2DC}.Release|Any CPU.Build.0 = Release|Any CPU
		{AAEE7BD6-0B27-4DF2-B922-D841BF68E2DC}.Release|ARM.ActiveCfg = Release|Any CPU
		{AAEE7BD6-0B27-4DF2-B922-D841BF68E2DC}.Release|ARM.Build.0 = Release|Any CPU
		{AAEE7BD6-0B27-4DF2-B922-D841BF68E2DC}.Release|iPhone.ActiveCfg = Release|Any CPU
		{AAEE7BD6-0B27-4DF2-B922-D841BF68E2DC}.Release|iPhone.Build.0 = Release|Any CPU
		{AAEE7BD6-0B27-4DF2-B922-D841BF68E2DC}.Release|iPhoneSimulator.ActiveCfg = Release|Any CPU
		{AAEE7BD6-0B27-4DF2-B922-D841BF68E2DC}.Release|iPhoneSimulator.Build.0 = Release|Any CPU
		{AAEE7BD6-0B27-4DF2-B922-D841BF68E2DC}.Release|x64.ActiveCfg = Release|Any CPU
		{AAEE7BD6-0B27-4DF2-B922-D841BF68E2DC}.Release|x64.Build.0 = Release|Any CPU
		{AAEE7BD6-0B27-4DF2-B922-D841BF68E2DC}.Release|x86.ActiveCfg = Release|Any CPU
		{AAEE7BD6-0B27-4DF2-B922-D841BF68E2DC}.Release|x86.Build.0 = Release|Any CPU
		{B0460981-0DEC-43CE-B830-AC82E62FD563}.Ad-Hoc|Any CPU.ActiveCfg = Release|Any CPU
		{B0460981-0DEC-43CE-B830-AC82E62FD563}.Ad-Hoc|Any CPU.Build.0 = Release|Any CPU
		{B0460981-0DEC-43CE-B830-AC82E62FD563}.Ad-Hoc|ARM.ActiveCfg = Release|Any CPU
		{B0460981-0DEC-43CE-B830-AC82E62FD563}.Ad-Hoc|ARM.Build.0 = Release|Any CPU
		{B0460981-0DEC-43CE-B830-AC82E62FD563}.Ad-Hoc|iPhone.ActiveCfg = Release|Any CPU
		{B0460981-0DEC-43CE-B830-AC82E62FD563}.Ad-Hoc|iPhone.Build.0 = Release|Any CPU
		{B0460981-0DEC-43CE-B830-AC82E62FD563}.Ad-Hoc|iPhoneSimulator.ActiveCfg = Release|Any CPU
		{B0460981-0DEC-43CE-B830-AC82E62FD563}.Ad-Hoc|iPhoneSimulator.Build.0 = Release|Any CPU
		{B0460981-0DEC-43CE-B830-AC82E62FD563}.Ad-Hoc|x64.ActiveCfg = Release|Any CPU
		{B0460981-0DEC-43CE-B830-AC82E62FD563}.Ad-Hoc|x64.Build.0 = Release|Any CPU
		{B0460981-0DEC-43CE-B830-AC82E62FD563}.Ad-Hoc|x86.ActiveCfg = Release|Any CPU
		{B0460981-0DEC-43CE-B830-AC82E62FD563}.Ad-Hoc|x86.Build.0 = Release|Any CPU
		{B0460981-0DEC-43CE-B830-AC82E62FD563}.AppStore|Any CPU.ActiveCfg = Release|Any CPU
		{B0460981-0DEC-43CE-B830-AC82E62FD563}.AppStore|Any CPU.Build.0 = Release|Any CPU
		{B0460981-0DEC-43CE-B830-AC82E62FD563}.AppStore|ARM.ActiveCfg = Release|Any CPU
		{B0460981-0DEC-43CE-B830-AC82E62FD563}.AppStore|ARM.Build.0 = Release|Any CPU
		{B0460981-0DEC-43CE-B830-AC82E62FD563}.AppStore|iPhone.ActiveCfg = Release|Any CPU
		{B0460981-0DEC-43CE-B830-AC82E62FD563}.AppStore|iPhone.Build.0 = Release|Any CPU
		{B0460981-0DEC-43CE-B830-AC82E62FD563}.AppStore|iPhoneSimulator.ActiveCfg = Release|Any CPU
		{B0460981-0DEC-43CE-B830-AC82E62FD563}.AppStore|iPhoneSimulator.Build.0 = Release|Any CPU
		{B0460981-0DEC-43CE-B830-AC82E62FD563}.AppStore|x64.ActiveCfg = Release|Any CPU
		{B0460981-0DEC-43CE-B830-AC82E62FD563}.AppStore|x64.Build.0 = Release|Any CPU
		{B0460981-0DEC-43CE-B830-AC82E62FD563}.AppStore|x86.ActiveCfg = Release|Any CPU
		{B0460981-0DEC-43CE-B830-AC82E62FD563}.AppStore|x86.Build.0 = Release|Any CPU
		{B0460981-0DEC-43CE-B830-AC82E62FD563}.Debug|Any CPU.ActiveCfg = Debug|Any CPU
		{B0460981-0DEC-43CE-B830-AC82E62FD563}.Debug|Any CPU.Build.0 = Debug|Any CPU
		{B0460981-0DEC-43CE-B830-AC82E62FD563}.Debug|ARM.ActiveCfg = Debug|Any CPU
		{B0460981-0DEC-43CE-B830-AC82E62FD563}.Debug|ARM.Build.0 = Debug|Any CPU
		{B0460981-0DEC-43CE-B830-AC82E62FD563}.Debug|iPhone.ActiveCfg = Debug|Any CPU
		{B0460981-0DEC-43CE-B830-AC82E62FD563}.Debug|iPhone.Build.0 = Debug|Any CPU
		{B0460981-0DEC-43CE-B830-AC82E62FD563}.Debug|iPhoneSimulator.ActiveCfg = Debug|Any CPU
		{B0460981-0DEC-43CE-B830-AC82E62FD563}.Debug|iPhoneSimulator.Build.0 = Debug|Any CPU
		{B0460981-0DEC-43CE-B830-AC82E62FD563}.Debug|x64.ActiveCfg = Debug|Any CPU
		{B0460981-0DEC-43CE-B830-AC82E62FD563}.Debug|x64.Build.0 = Debug|Any CPU
		{B0460981-0DEC-43CE-B830-AC82E62FD563}.Debug|x86.ActiveCfg = Debug|Any CPU
		{B0460981-0DEC-43CE-B830-AC82E62FD563}.Debug|x86.Build.0 = Debug|Any CPU
		{B0460981-0DEC-43CE-B830-AC82E62FD563}.Release|Any CPU.ActiveCfg = Release|Any CPU
		{B0460981-0DEC-43CE-B830-AC82E62FD563}.Release|Any CPU.Build.0 = Release|Any CPU
		{B0460981-0DEC-43CE-B830-AC82E62FD563}.Release|ARM.ActiveCfg = Release|Any CPU
		{B0460981-0DEC-43CE-B830-AC82E62FD563}.Release|ARM.Build.0 = Release|Any CPU
		{B0460981-0DEC-43CE-B830-AC82E62FD563}.Release|iPhone.ActiveCfg = Release|Any CPU
		{B0460981-0DEC-43CE-B830-AC82E62FD563}.Release|iPhone.Build.0 = Release|Any CPU
		{B0460981-0DEC-43CE-B830-AC82E62FD563}.Release|iPhoneSimulator.ActiveCfg = Release|Any CPU
		{B0460981-0DEC-43CE-B830-AC82E62FD563}.Release|iPhoneSimulator.Build.0 = Release|Any CPU
		{B0460981-0DEC-43CE-B830-AC82E62FD563}.Release|x64.ActiveCfg = Release|Any CPU
		{B0460981-0DEC-43CE-B830-AC82E62FD563}.Release|x64.Build.0 = Release|Any CPU
		{B0460981-0DEC-43CE-B830-AC82E62FD563}.Release|x86.ActiveCfg = Release|Any CPU
		{B0460981-0DEC-43CE-B830-AC82E62FD563}.Release|x86.Build.0 = Release|Any CPU
		{8AC9BCF3-3566-4FBE-B4B9-0014359D2C4C}.Ad-Hoc|Any CPU.ActiveCfg = Debug|Any CPU
		{8AC9BCF3-3566-4FBE-B4B9-0014359D2C4C}.Ad-Hoc|Any CPU.Build.0 = Debug|Any CPU
		{8AC9BCF3-3566-4FBE-B4B9-0014359D2C4C}.Ad-Hoc|ARM.ActiveCfg = Debug|Any CPU
		{8AC9BCF3-3566-4FBE-B4B9-0014359D2C4C}.Ad-Hoc|ARM.Build.0 = Debug|Any CPU
		{8AC9BCF3-3566-4FBE-B4B9-0014359D2C4C}.Ad-Hoc|iPhone.ActiveCfg = Debug|Any CPU
		{8AC9BCF3-3566-4FBE-B4B9-0014359D2C4C}.Ad-Hoc|iPhone.Build.0 = Debug|Any CPU
		{8AC9BCF3-3566-4FBE-B4B9-0014359D2C4C}.Ad-Hoc|iPhoneSimulator.ActiveCfg = Debug|Any CPU
		{8AC9BCF3-3566-4FBE-B4B9-0014359D2C4C}.Ad-Hoc|iPhoneSimulator.Build.0 = Debug|Any CPU
		{8AC9BCF3-3566-4FBE-B4B9-0014359D2C4C}.Ad-Hoc|x64.ActiveCfg = Debug|Any CPU
		{8AC9BCF3-3566-4FBE-B4B9-0014359D2C4C}.Ad-Hoc|x64.Build.0 = Debug|Any CPU
		{8AC9BCF3-3566-4FBE-B4B9-0014359D2C4C}.Ad-Hoc|x86.ActiveCfg = Debug|Any CPU
		{8AC9BCF3-3566-4FBE-B4B9-0014359D2C4C}.Ad-Hoc|x86.Build.0 = Debug|Any CPU
		{8AC9BCF3-3566-4FBE-B4B9-0014359D2C4C}.AppStore|Any CPU.ActiveCfg = Debug|Any CPU
		{8AC9BCF3-3566-4FBE-B4B9-0014359D2C4C}.AppStore|Any CPU.Build.0 = Debug|Any CPU
		{8AC9BCF3-3566-4FBE-B4B9-0014359D2C4C}.AppStore|ARM.ActiveCfg = Debug|Any CPU
		{8AC9BCF3-3566-4FBE-B4B9-0014359D2C4C}.AppStore|ARM.Build.0 = Debug|Any CPU
		{8AC9BCF3-3566-4FBE-B4B9-0014359D2C4C}.AppStore|iPhone.ActiveCfg = Debug|Any CPU
		{8AC9BCF3-3566-4FBE-B4B9-0014359D2C4C}.AppStore|iPhone.Build.0 = Debug|Any CPU
		{8AC9BCF3-3566-4FBE-B4B9-0014359D2C4C}.AppStore|iPhoneSimulator.ActiveCfg = Debug|Any CPU
		{8AC9BCF3-3566-4FBE-B4B9-0014359D2C4C}.AppStore|iPhoneSimulator.Build.0 = Debug|Any CPU
		{8AC9BCF3-3566-4FBE-B4B9-0014359D2C4C}.AppStore|x64.ActiveCfg = Debug|Any CPU
		{8AC9BCF3-3566-4FBE-B4B9-0014359D2C4C}.AppStore|x64.Build.0 = Debug|Any CPU
		{8AC9BCF3-3566-4FBE-B4B9-0014359D2C4C}.AppStore|x86.ActiveCfg = Debug|Any CPU
		{8AC9BCF3-3566-4FBE-B4B9-0014359D2C4C}.AppStore|x86.Build.0 = Debug|Any CPU
		{8AC9BCF3-3566-4FBE-B4B9-0014359D2C4C}.Debug|Any CPU.ActiveCfg = Debug|Any CPU
		{8AC9BCF3-3566-4FBE-B4B9-0014359D2C4C}.Debug|Any CPU.Build.0 = Debug|Any CPU
		{8AC9BCF3-3566-4FBE-B4B9-0014359D2C4C}.Debug|ARM.ActiveCfg = Debug|Any CPU
		{8AC9BCF3-3566-4FBE-B4B9-0014359D2C4C}.Debug|ARM.Build.0 = Debug|Any CPU
		{8AC9BCF3-3566-4FBE-B4B9-0014359D2C4C}.Debug|iPhone.ActiveCfg = Debug|Any CPU
		{8AC9BCF3-3566-4FBE-B4B9-0014359D2C4C}.Debug|iPhone.Build.0 = Debug|Any CPU
		{8AC9BCF3-3566-4FBE-B4B9-0014359D2C4C}.Debug|iPhoneSimulator.ActiveCfg = Debug|Any CPU
		{8AC9BCF3-3566-4FBE-B4B9-0014359D2C4C}.Debug|iPhoneSimulator.Build.0 = Debug|Any CPU
		{8AC9BCF3-3566-4FBE-B4B9-0014359D2C4C}.Debug|x64.ActiveCfg = Debug|Any CPU
		{8AC9BCF3-3566-4FBE-B4B9-0014359D2C4C}.Debug|x64.Build.0 = Debug|Any CPU
		{8AC9BCF3-3566-4FBE-B4B9-0014359D2C4C}.Debug|x86.ActiveCfg = Debug|Any CPU
		{8AC9BCF3-3566-4FBE-B4B9-0014359D2C4C}.Debug|x86.Build.0 = Debug|Any CPU
		{8AC9BCF3-3566-4FBE-B4B9-0014359D2C4C}.Release|Any CPU.ActiveCfg = Release|Any CPU
		{8AC9BCF3-3566-4FBE-B4B9-0014359D2C4C}.Release|Any CPU.Build.0 = Release|Any CPU
		{8AC9BCF3-3566-4FBE-B4B9-0014359D2C4C}.Release|ARM.ActiveCfg = Release|Any CPU
		{8AC9BCF3-3566-4FBE-B4B9-0014359D2C4C}.Release|ARM.Build.0 = Release|Any CPU
		{8AC9BCF3-3566-4FBE-B4B9-0014359D2C4C}.Release|iPhone.ActiveCfg = Release|Any CPU
		{8AC9BCF3-3566-4FBE-B4B9-0014359D2C4C}.Release|iPhone.Build.0 = Release|Any CPU
		{8AC9BCF3-3566-4FBE-B4B9-0014359D2C4C}.Release|iPhoneSimulator.ActiveCfg = Release|Any CPU
		{8AC9BCF3-3566-4FBE-B4B9-0014359D2C4C}.Release|iPhoneSimulator.Build.0 = Release|Any CPU
		{8AC9BCF3-3566-4FBE-B4B9-0014359D2C4C}.Release|x64.ActiveCfg = Release|Any CPU
		{8AC9BCF3-3566-4FBE-B4B9-0014359D2C4C}.Release|x64.Build.0 = Release|Any CPU
		{8AC9BCF3-3566-4FBE-B4B9-0014359D2C4C}.Release|x86.ActiveCfg = Release|Any CPU
		{8AC9BCF3-3566-4FBE-B4B9-0014359D2C4C}.Release|x86.Build.0 = Release|Any CPU
		{0216BC30-85D0-45D7-900F-10926B4A078C}.Ad-Hoc|Any CPU.ActiveCfg = Release|Any CPU
		{0216BC30-85D0-45D7-900F-10926B4A078C}.Ad-Hoc|Any CPU.Build.0 = Release|Any CPU
		{0216BC30-85D0-45D7-900F-10926B4A078C}.Ad-Hoc|Any CPU.Deploy.0 = Release|Any CPU
		{0216BC30-85D0-45D7-900F-10926B4A078C}.Ad-Hoc|ARM.ActiveCfg = Release|Any CPU
		{0216BC30-85D0-45D7-900F-10926B4A078C}.Ad-Hoc|ARM.Build.0 = Release|Any CPU
		{0216BC30-85D0-45D7-900F-10926B4A078C}.Ad-Hoc|ARM.Deploy.0 = Release|Any CPU
		{0216BC30-85D0-45D7-900F-10926B4A078C}.Ad-Hoc|iPhone.ActiveCfg = Release|Any CPU
		{0216BC30-85D0-45D7-900F-10926B4A078C}.Ad-Hoc|iPhone.Build.0 = Release|Any CPU
		{0216BC30-85D0-45D7-900F-10926B4A078C}.Ad-Hoc|iPhone.Deploy.0 = Release|Any CPU
		{0216BC30-85D0-45D7-900F-10926B4A078C}.Ad-Hoc|iPhoneSimulator.ActiveCfg = Release|Any CPU
		{0216BC30-85D0-45D7-900F-10926B4A078C}.Ad-Hoc|iPhoneSimulator.Build.0 = Release|Any CPU
		{0216BC30-85D0-45D7-900F-10926B4A078C}.Ad-Hoc|iPhoneSimulator.Deploy.0 = Release|Any CPU
		{0216BC30-85D0-45D7-900F-10926B4A078C}.Ad-Hoc|x64.ActiveCfg = Release|Any CPU
		{0216BC30-85D0-45D7-900F-10926B4A078C}.Ad-Hoc|x64.Build.0 = Release|Any CPU
		{0216BC30-85D0-45D7-900F-10926B4A078C}.Ad-Hoc|x64.Deploy.0 = Release|Any CPU
		{0216BC30-85D0-45D7-900F-10926B4A078C}.Ad-Hoc|x86.ActiveCfg = Release|Any CPU
		{0216BC30-85D0-45D7-900F-10926B4A078C}.Ad-Hoc|x86.Build.0 = Release|Any CPU
		{0216BC30-85D0-45D7-900F-10926B4A078C}.Ad-Hoc|x86.Deploy.0 = Release|Any CPU
		{0216BC30-85D0-45D7-900F-10926B4A078C}.AppStore|Any CPU.ActiveCfg = Release|Any CPU
		{0216BC30-85D0-45D7-900F-10926B4A078C}.AppStore|Any CPU.Build.0 = Release|Any CPU
		{0216BC30-85D0-45D7-900F-10926B4A078C}.AppStore|Any CPU.Deploy.0 = Release|Any CPU
		{0216BC30-85D0-45D7-900F-10926B4A078C}.AppStore|ARM.ActiveCfg = Release|Any CPU
		{0216BC30-85D0-45D7-900F-10926B4A078C}.AppStore|ARM.Build.0 = Release|Any CPU
		{0216BC30-85D0-45D7-900F-10926B4A078C}.AppStore|ARM.Deploy.0 = Release|Any CPU
		{0216BC30-85D0-45D7-900F-10926B4A078C}.AppStore|iPhone.ActiveCfg = Release|Any CPU
		{0216BC30-85D0-45D7-900F-10926B4A078C}.AppStore|iPhone.Build.0 = Release|Any CPU
		{0216BC30-85D0-45D7-900F-10926B4A078C}.AppStore|iPhone.Deploy.0 = Release|Any CPU
		{0216BC30-85D0-45D7-900F-10926B4A078C}.AppStore|iPhoneSimulator.ActiveCfg = Release|Any CPU
		{0216BC30-85D0-45D7-900F-10926B4A078C}.AppStore|iPhoneSimulator.Build.0 = Release|Any CPU
		{0216BC30-85D0-45D7-900F-10926B4A078C}.AppStore|iPhoneSimulator.Deploy.0 = Release|Any CPU
		{0216BC30-85D0-45D7-900F-10926B4A078C}.AppStore|x64.ActiveCfg = Release|Any CPU
		{0216BC30-85D0-45D7-900F-10926B4A078C}.AppStore|x64.Build.0 = Release|Any CPU
		{0216BC30-85D0-45D7-900F-10926B4A078C}.AppStore|x64.Deploy.0 = Release|Any CPU
		{0216BC30-85D0-45D7-900F-10926B4A078C}.AppStore|x86.ActiveCfg = Release|Any CPU
		{0216BC30-85D0-45D7-900F-10926B4A078C}.AppStore|x86.Build.0 = Release|Any CPU
		{0216BC30-85D0-45D7-900F-10926B4A078C}.AppStore|x86.Deploy.0 = Release|Any CPU
		{0216BC30-85D0-45D7-900F-10926B4A078C}.Debug|Any CPU.ActiveCfg = Debug|Any CPU
		{0216BC30-85D0-45D7-900F-10926B4A078C}.Debug|Any CPU.Build.0 = Debug|Any CPU
		{0216BC30-85D0-45D7-900F-10926B4A078C}.Debug|Any CPU.Deploy.0 = Debug|Any CPU
		{0216BC30-85D0-45D7-900F-10926B4A078C}.Debug|ARM.ActiveCfg = Debug|Any CPU
		{0216BC30-85D0-45D7-900F-10926B4A078C}.Debug|ARM.Build.0 = Debug|Any CPU
		{0216BC30-85D0-45D7-900F-10926B4A078C}.Debug|ARM.Deploy.0 = Debug|Any CPU
		{0216BC30-85D0-45D7-900F-10926B4A078C}.Debug|iPhone.ActiveCfg = Debug|Any CPU
		{0216BC30-85D0-45D7-900F-10926B4A078C}.Debug|iPhone.Build.0 = Debug|Any CPU
		{0216BC30-85D0-45D7-900F-10926B4A078C}.Debug|iPhone.Deploy.0 = Debug|Any CPU
		{0216BC30-85D0-45D7-900F-10926B4A078C}.Debug|iPhoneSimulator.ActiveCfg = Debug|Any CPU
		{0216BC30-85D0-45D7-900F-10926B4A078C}.Debug|iPhoneSimulator.Build.0 = Debug|Any CPU
		{0216BC30-85D0-45D7-900F-10926B4A078C}.Debug|iPhoneSimulator.Deploy.0 = Debug|Any CPU
		{0216BC30-85D0-45D7-900F-10926B4A078C}.Debug|x64.ActiveCfg = Debug|Any CPU
		{0216BC30-85D0-45D7-900F-10926B4A078C}.Debug|x64.Build.0 = Debug|Any CPU
		{0216BC30-85D0-45D7-900F-10926B4A078C}.Debug|x64.Deploy.0 = Debug|Any CPU
		{0216BC30-85D0-45D7-900F-10926B4A078C}.Debug|x86.ActiveCfg = Debug|Any CPU
		{0216BC30-85D0-45D7-900F-10926B4A078C}.Debug|x86.Build.0 = Debug|Any CPU
		{0216BC30-85D0-45D7-900F-10926B4A078C}.Debug|x86.Deploy.0 = Debug|Any CPU
		{0216BC30-85D0-45D7-900F-10926B4A078C}.Release|Any CPU.ActiveCfg = Release|Any CPU
		{0216BC30-85D0-45D7-900F-10926B4A078C}.Release|Any CPU.Build.0 = Release|Any CPU
		{0216BC30-85D0-45D7-900F-10926B4A078C}.Release|Any CPU.Deploy.0 = Release|Any CPU
		{0216BC30-85D0-45D7-900F-10926B4A078C}.Release|ARM.ActiveCfg = Release|Any CPU
		{0216BC30-85D0-45D7-900F-10926B4A078C}.Release|ARM.Build.0 = Release|Any CPU
		{0216BC30-85D0-45D7-900F-10926B4A078C}.Release|ARM.Deploy.0 = Release|Any CPU
		{0216BC30-85D0-45D7-900F-10926B4A078C}.Release|iPhone.ActiveCfg = Release|Any CPU
		{0216BC30-85D0-45D7-900F-10926B4A078C}.Release|iPhone.Build.0 = Release|Any CPU
		{0216BC30-85D0-45D7-900F-10926B4A078C}.Release|iPhone.Deploy.0 = Release|Any CPU
		{0216BC30-85D0-45D7-900F-10926B4A078C}.Release|iPhoneSimulator.ActiveCfg = Release|Any CPU
		{0216BC30-85D0-45D7-900F-10926B4A078C}.Release|iPhoneSimulator.Build.0 = Release|Any CPU
		{0216BC30-85D0-45D7-900F-10926B4A078C}.Release|iPhoneSimulator.Deploy.0 = Release|Any CPU
		{0216BC30-85D0-45D7-900F-10926B4A078C}.Release|x64.ActiveCfg = Release|Any CPU
		{0216BC30-85D0-45D7-900F-10926B4A078C}.Release|x64.Build.0 = Release|Any CPU
		{0216BC30-85D0-45D7-900F-10926B4A078C}.Release|x64.Deploy.0 = Release|Any CPU
		{0216BC30-85D0-45D7-900F-10926B4A078C}.Release|x86.ActiveCfg = Release|Any CPU
		{0216BC30-85D0-45D7-900F-10926B4A078C}.Release|x86.Build.0 = Release|Any CPU
		{0216BC30-85D0-45D7-900F-10926B4A078C}.Release|x86.Deploy.0 = Release|Any CPU
	EndGlobalSection
	GlobalSection(SolutionProperties) = preSolution
		HideSolutionNode = FALSE
	EndGlobalSection
	GlobalSection(ExtensibilityGlobals) = postSolution
		SolutionGuid = {500E6302-725B-45EA-AC25-6F2E215BF5D3}
	EndGlobalSection
EndGlobal
